
Microsoft Visual Studio Solution File, Format Version 12.00
# Visual Studio Version 17
VisualStudioVersion = 17.3.32929.385
MinimumVisualStudioVersion = 10.0.40219.1
Project("{FAE04EC0-301F-11D3-BF4B-00C04F79EFBC}") = "hastane_proje_1", "hastane_proje_1\hastane_proje_1.csproj", "{EC98B95C-2AB6-44FF-9087-57D70DD8251C}"
EndProject
Global
	GlobalSection(SolutionConfigurationPlatforms) = preSolution
		Debug|Any CPU = Debug|Any CPU
		Release|Any CPU = Release|Any CPU
	EndGlobalSection
	GlobalSection(ProjectConfigurationPlatforms) = postSolution
		{EC98B95C-2AB6-44FF-9087-57D70DD8251C}.Debug|Any CPU.ActiveCfg = Debug|Any CPU
		{EC98B95C-2AB6-44FF-9087-57D70DD8251C}.Debug|Any CPU.Build.0 = Debug|Any CPU
		{EC98B95C-2AB6-44FF-9087-57D70DD8251C}.Release|Any CPU.ActiveCfg = Release|Any CPU
		{EC98B95C-2AB6-44FF-9087-57D70DD8251C}.Release|Any CPU.Build.0 = Release|Any CPU
	EndGlobalSection
	GlobalSection(SolutionProperties) = preSolution
		HideSolutionNode = FALSE
	EndGlobalSection
	GlobalSection(ExtensibilityGlobals) = postSolution
		SolutionGuid = {196D751A-D72D-4DCC-950A-90875C2AC9A9}
	EndGlobalSection
EndGlobal
